
Microsoft Visual Studio Solution File, Format Version 12.00
# Visual Studio Version 17
VisualStudioVersion = 17.5.33516.290
MinimumVisualStudioVersion = 10.0.40219.1
Project("{FAE04EC0-301F-11D3-BF4B-00C04F79EFBC}") = "Web_MenuDigital", "Web_MenuDigital\Web_MenuDigital.csproj", "{D816859B-9D9B-460F-B012-2BFAF573DB37}"
EndProject
Global
	GlobalSection(SolutionConfigurationPlatforms) = preSolution
		Debug|Any CPU = Debug|Any CPU
		Release|Any CPU = Release|Any CPU
	EndGlobalSection
	GlobalSection(ProjectConfigurationPlatforms) = postSolution
		{D816859B-9D9B-460F-B012-2BFAF573DB37}.Debug|Any CPU.ActiveCfg = Debug|Any CPU
		{D816859B-9D9B-460F-B012-2BFAF573DB37}.Debug|Any CPU.Build.0 = Debug|Any CPU
		{D816859B-9D9B-460F-B012-2BFAF573DB37}.Release|Any CPU.ActiveCfg = Release|Any CPU
		{D816859B-9D9B-460F-B012-2BFAF573DB37}.Release|Any CPU.Build.0 = Release|Any CPU
	EndGlobalSection
	GlobalSection(SolutionProperties) = preSolution
		HideSolutionNode = FALSE
	EndGlobalSection
	GlobalSection(ExtensibilityGlobals) = postSolution
		SolutionGuid = {7F63FD15-59CB-4228-A9E0-BD77C28373F1}
	EndGlobalSection
EndGlobal
